
Microsoft Visual Studio Solution File, Format Version 12.00
# Visual Studio Version 16
VisualStudioVersion = 16.0.31613.86
MinimumVisualStudioVersion = 10.0.40219.1
Project("{FAE04EC0-301F-11D3-BF4B-00C04F79EFBC}") = "MedChart", "MedChart.csproj", "{BF1A2738-CC7D-4A84-B8CC-80A3D63DA2DE}"
EndProject
Global
	GlobalSection(SolutionConfigurationPlatforms) = preSolution
		Debug|Any CPU = Debug|Any CPU
		Release|Any CPU = Release|Any CPU
	EndGlobalSection
	GlobalSection(ProjectConfigurationPlatforms) = postSolution
		{BF1A2738-CC7D-4A84-B8CC-80A3D63DA2DE}.Debug|Any CPU.ActiveCfg = Debug|Any CPU
		{BF1A2738-CC7D-4A84-B8CC-80A3D63DA2DE}.Debug|Any CPU.Build.0 = Debug|Any CPU
		{BF1A2738-CC7D-4A84-B8CC-80A3D63DA2DE}.Release|Any CPU.ActiveCfg = Release|Any CPU
		{BF1A2738-CC7D-4A84-B8CC-80A3D63DA2DE}.Release|Any CPU.Build.0 = Release|Any CPU
	EndGlobalSection
	GlobalSection(SolutionProperties) = preSolution
		HideSolutionNode = FALSE
	EndGlobalSection
	GlobalSection(ExtensibilityGlobals) = postSolution
		SolutionGuid = {774000D9-1A9B-4BA6-961E-149C7C4A0AAE}
	EndGlobalSection
EndGlobal
